{
  "nodes": {
    "cudaNixpkgs": {
      "locked": {
        "lastModified": 1738797219,
        "narHash": "sha256-KRwX9Z1XavpgeSDVM/THdFd6uH8rNm/6R+7kIbGa+2s=",
        "owner": "nixos",
        "repo": "nixpkgs",
        "rev": "1da52dd49a127ad74486b135898da2cef8c62665",
        "type": "github"
      },
      "original": {
        "owner": "nixos",
        "repo": "nixpkgs",
        "rev": "1da52dd49a127ad74486b135898da2cef8c62665",
        "type": "github"
      }
    },
    "nixpkgs": {
      "locked": {
        "lastModified": 1772773019,
        "narHash": "sha256-E1bxHxNKfDoQUuvriG71+f+s/NT0qWkImXsYZNFFfCs=",
        "owner": "nixos",
        "repo": "nixpkgs",
        "rev": "aca4d95fce4914b3892661bcb80b8087293536c6",
        "type": "github"
      },
      "original": {
        "owner": "nixos",
        "ref": "nixos-unstable",
        "repo": "nixpkgs",
        "type": "github"
      }
    },
    "root": {
      "inputs": {
        "cudaNixpkgs": "cudaNixpkgs",
        "nixpkgs": "nixpkgs"
      }
    }
  },
  "root": "root",
  "version": 7
}
